[[dependencies]]
name = "@interop-lib"
version = "v1"
git = "https://github.com/ethereum-optimism/interop-lib.git"
rev = "aa8bb485f6407609c7e06104de498bdbf61f3163"

[[dependencies]]
name = "@openzeppelin-contracts"
version = "5.2.0"
url = "https://soldeer-revisions.s3.amazonaws.com/@openzeppelin-contracts/5_2_0_11-01-2025_09:30:20_contracts.zip"
checksum = "6dbd0440446b2ed16ca25e9f1af08fc0c5c1e73e71fee86ae8a00daa774e3817"
integrity = "4cb7f3777f67fdf4b7d0e2f94d2f93f198b2e5dce718b7062ac7c2c83e1183bd"

[[dependencies]]
name = "forge-std"
version = "1.9.6"
url = "https://soldeer-revisions.s3.amazonaws.com/forge-std/1_9_6_01-02-2025_20:49:10_forge-std-1.9.zip"
checksum = "55f341818321b3f925161a72fd0dcd62e4a0a4b66785a7a932bf2bfaf96fb9d1"
integrity = "e9ecdc364d152157431e5df5aa041ffddbe9bb1c1ad81634b1e72df9e23814e8"

[[dependencies]]
name = "solady"
version = "0.1.14"
url = "https://soldeer-revisions.s3.amazonaws.com/solady/0_1_14_03-04-2025_08:02:53_solady.zip"
checksum = "82089b7c005404399d73f538545a795c5e24ec38009793ccd008000f1d66eb8b"
integrity = "e40e7781170e43fed51b973bc3c25287a0852d0ed6053a461ac391c7601ae6dd"
